// !$*UTF8*$!
{
	archiveVersion = 1;
	classes = {
	};
	objectVersion = 46;
	objects = {

/* Begin PBXBuildFile section */
		ED50CF0B1B34D2F4000D3F20 /* AppDelegate.swift in Sources */ = {isa = PBXBuildFile; fileRef = ED50CF0A1B34D2F4000D3F20 /* AppDelegate.swift */; };
		ED50CF0D1B34D2F4000D3F20 /* ViewController.swift in Sources */ = {isa = PBXBuildFile; fileRef = ED50CF0C1B34D2F4000D3F20 /* ViewController.swift */; };
		ED50CF101B34D2F4000D3F20 /* Main.storyboard in Resources */ = {isa = PBXBuildFile; fileRef = ED50CF0E1B34D2F4000D3F20 /* Main.storyboard */; };
		ED50CF121B34D2F4000D3F20 /* Images.xcassets in Resources */ = {isa = PBXBuildFile; fileRef = ED50CF111B34D2F4000D3F20 /* Images.xcassets */; };
		ED50CF151B34D2F4000D3F20 /* LaunchScreen.xib in Resources */ = {isa = PBXBuildFile; fileRef = ED50CF131B34D2F4000D3F20 /* LaunchScreen.xib */; };
		ED50CF211B34D2F4000D3F20 /* tableviewdemo2Tests.swift in Sources */ = {isa = PBXBuildFile; fileRef = ED50CF201B34D2F4000D3F20 /* tableviewdemo2Tests.swift */; };
/* End PBXBuildFile section */

/* Begin PBXContainerItemProxy section */
		ED50CF1B1B34D2F4000D3F20 /* PBXContainerItemProxy */ = {
			isa = PBXContainerItemProxy;
			containerPortal = ED50CEFD1B34D2F4000D3F20 /* Project object */;
			proxyType = 1;
			remoteGlobalIDString = ED50CF041B34D2F4000D3F20;
			remoteInfo = tableviewdemo2;
		};
/* End PBXContainerItemProxy section */

/* Begin PBXFileReference section */
		ED50CF051B34D2F4000D3F20 /* tableviewdemo2.app */ = {isa = PBXFileReference; explicitFileType = wrapper.application; includeInIndex = 0; path = tableviewdemo2.app; sourceTree = BUILT_PRODUCTS_DIR; };
		ED50CF091B34D2F4000D3F20 /* Info.plist */ = {isa = PBXFileReference; lastKnownFileType = text.plist.xml; path = Info.plist; sourceTree = "<group>"; };
		ED50CF0A1B34D2F4000D3F20 /* AppDelegate.swift */ = {isa = PBXFileReference; lastKnownFileType = sourcecode.swift; path = AppDelegate.swift; sourceTree = "<group>"; };
		ED50CF0C1B34D2F4000D3F20 /* ViewController.swift */ = {isa = PBXFileReference; lastKnownFileType = sourcecode.swift; path = ViewController.swift; sourceTree = "<group>"; };
		ED50CF0F1B34D2F4000D3F20 /* Base */ = {isa = PBXFileReference; lastKnownFileType = file.storyboard; name = Base; path = Base.lproj/Main.storyboard; sourceTree = "<group>"; };
		ED50CF111B34D2F4000D3F20 /* Images.xcassets */ = {isa = PBXFileReference; lastKnownFileType = folder.assetcatalog; path = Images.xcassets; sourceTree = "<group>"; };
		ED50CF141B34D2F4000D3F20 /* Base */ = {isa = PBXFileReference; lastKnownFileType = file.xib; name = Base; path = Base.lproj/LaunchScreen.xib; sourceTree = "<group>"; };
		ED50CF1A1B34D2F4000D3F20 /* tableviewdemo2Tests.xctest */ = {isa = PBXFileReference; explicitFileType = wrapper.cfbundle; includeInIndex = 0; path = tableviewdemo2Tests.xctest; sourceTree = BUILT_PRODUCTS_DIR; };
		ED50CF1F1B34D2F4000D3F20 /* Info.plist */ = {isa = PBXFileReference; lastKnownFileType = text.plist.xml; path = Info.plist; sourceTree = "<group>"; };
		ED50CF201B34D2F4000D3F20 /* tableviewdemo2Tests.swift */ = {isa = PBXFileReference; lastKnownFileType = sourcecode.swift; path = tableviewdemo2Tests.swift; sourceTree = "<group>"; };
/* End PBXFileReference section */

/* Begin PBXFrameworksBuildPhase section */
		ED50CF021B34D2F4000D3F20 /* Frameworks */ = {
			isa = PBXFrameworksBuildPhase;
			buildActionMask = 2147483647;
			files = (
			);
			runOnlyForDeploymentPostprocessing = 0;
		};
		ED50CF171B34D2F4000D3F20 /* Frameworks */ = {
			isa = PBXFrameworksBuildPhase;
			buildActionMask = 2147483647;
			files = (
			);
			runOnlyForDeploymentPostprocessing = 0;
		};
/* End PBXFrameworksBuildPhase section */

/* Begin PBXGroup section */
		ED50CEFC1B34D2F4000D3F20 = {
			isa = PBXGroup;
			children = (
				ED50CF071B34D2F4000D3F20 /* tableviewdemo2 */,
				ED50CF1D1B34D2F4000D3F20 /* tableviewdemo2Tests */,
				ED50CF061B34D2F4000D3F20 /* Products */,
			);
			sourceTree = "<group>";
		};
		ED50CF061B34D2F4000D3F20 /* Products */ = {
			isa = PBXGroup;
			children = (
				ED50CF051B34D2F4000D3F20 /* tableviewdemo2.app */,
				ED50CF1A1B34D2F4000D3F20 /* tableviewdemo2Tests.xctest */,
			);
			name = Products;
			sourceTree = "<group>";
		};
		ED50CF071B34D2F4000D3F20 /* tableviewdemo2 */ = {
			isa = PBXGroup;
			children = (
				ED50CF0A1B34D2F4000D3F20 /* AppDelegate.swift */,
				ED50CF0C1B34D2F4000D3F20 /* ViewController.swift */,
				ED50CF0E1B34D2F4000D3F20 /* Main.storyboard */,
				ED50CF111B34D2F4000D3F20 /* Images.xcassets */,
				ED50CF131B34D2F4000D3F20 /* LaunchScreen.xib */,
				ED50CF081B34D2F4000D3F20 /* Supporting Files */,
			);
			path = tableviewdemo2;
			sourceTree = "<group>";
		};
		ED50CF081B34D2F4000D3F20 /* Supporting Files */ = {
			isa = PBXGroup;
			children = (
				ED50CF091B34D2F4000D3F20 /* Info.plist */,
			);
			name = "Supporting Files";
			sourceTree = "<group>";
		};
		ED50CF1D1B34D2F4000D3F20 /* tableviewdemo2Tests */ = {
			isa = PBXGroup;
			children = (
				ED50CF201B34D2F4000D3F20 /* tableviewdemo2Tests.swift */,
				ED50CF1E1B34D2F4000D3F20 /* Supporting Files */,
			);
			path = tableviewdemo2Tests;
			sourceTree = "<group>";
		};
		ED50CF1E1B34D2F4000D3F20 /* Supporting Files */ = {
			isa = PBXGroup;
			children = (
				ED50CF1F1B34D2F4000D3F20 /* Info.plist */,
			);
			name = "Supporting Files";
			sourceTree = "<group>";
		};
/* End PBXGroup section */

/* Begin PBXNativeTarget section */
		ED50CF041B34D2F4000D3F20 /* tableviewdemo2 */ = {
			isa = PBXNativeTarget;
			buildConfigurationList = ED50CF241B34D2F4000D3F20 /* Build configuration list for PBXNativeTarget "tableviewdemo2" */;
			buildPhases = (
				ED50CF011B34D2F4000D3F20 /* Sources */,
				ED50CF021B34D2F4000D3F20 /* Frameworks */,
				ED50CF031B34D2F4000D3F20 /* Resources */,
			);
			buildRules = (
			);
			dependencies = (
			);
			name = tableviewdemo2;
			productName = tableviewdemo2;
			productReference = ED50CF051B34D2F4000D3F20 /* tableviewdemo2.app */;
			productType = "com.apple.product-type.application";
		};
		ED50CF191B34D2F4000D3F20 /* tableviewdemo2Tests */ = {
			isa = PBXNativeTarget;
			buildConfigurationList = ED50CF271B34D2F4000D3F20 /* Build configuration list for PBXNativeTarget "tableviewdemo2Tests" */;
			buildPhases = (
				ED50CF161B34D2F4000D3F20 /* Sources */,
				ED50CF171B34D2F4000D3F20 /* Frameworks */,
				ED50CF181B34D2F4000D3F20 /* Resources */,
			);
			buildRules = (
			);
			dependencies = (
				ED50CF1C1B34D2F4000D3F20 /* PBXTargetDependency */,
			);
			name = tableviewdemo2Tests;
			productName = tableviewdemo2Tests;
			productReference = ED50CF1A1B34D2F4000D3F20 /* tableviewdemo2Tests.xctest */;
			productType = "com.apple.product-type.bundle.unit-test";
		};
/* End PBXNativeTarget section */

/* Begin PBXProject section */
		ED50CEFD1B34D2F4000D3F20 /* Project object */ = {
			isa = PBXProject;
			attributes = {
				LastUpgradeCheck = 0630;
				ORGANIZATIONNAME = "Charles Hieger";
				TargetAttributes = {
					ED50CF041B34D2F4000D3F20 = {
						CreatedOnToolsVersion = 6.3.2;
					};
					ED50CF191B34D2F4000D3F20 = {
						CreatedOnToolsVersion = 6.3.2;
						TestTargetID = ED50CF041B34D2F4000D3F20;
					};
				};
			};
			buildConfigurationList = ED50CF001B34D2F4000D3F20 /* Build configuration list for PBXProject "tableviewdemo2" */;
			compatibilityVersion = "Xcode 3.2";
			developmentRegion = English;
			hasScannedForEncodings = 0;
			knownRegions = (
				en,
				Base,
			);
			mainGroup = ED50CEFC1B34D2F4000D3F20;
			productRefGroup = ED50CF061B34D2F4000D3F20 /* Products */;
			projectDirPath = "";
			projectRoot = "";
			targets = (
				ED50CF041B34D2F4000D3F20 /* tableviewdemo2 */,
				ED50CF191B34D2F4000D3F20 /* tableviewdemo2Tests */,
			);
		};
/* End PBXProject section */

/* Begin PBXResourcesBuildPhase section */
		ED50CF031B34D2F4000D3F20 /* Resources */ = {
			isa = PBXResourcesBuildPhase;
			buildActionMask = 2147483647;
			files = (
				ED50CF101B34D2F4000D3F20 /* Main.storyboard in Resources */,
				ED50CF151B34D2F4000D3F20 /* LaunchScreen.xib in Resources */,
				ED50CF121B34D2F4000D3F20 /* Images.xcassets in Resources */,
			);
			runOnlyForDeploymentPostprocessing = 0;
		};
		ED50CF181B34D2F4000D3F20 /* Resources */ = {
			isa = PBXResourcesBuildPhase;
			buildActionMask = 2147483647;
			files = (
			);
			runOnlyForDeploymentPostprocessing = 0;
		};
/* End PBXResourcesBuildPhase section */

/* Begin PBXSourcesBuildPhase section */
		ED50CF011B34D2F4000D3F20 /* Sources */ = {
			isa = PBXSourcesBuildPhase;
			buildActionMask = 2147483647;
			files = (
				ED50CF0D1B34D2F4000D3F20 /* ViewController.swift in Sources */,
				ED50CF0B1B34D2F4000D3F20 /* AppDelegate.swift in Sources */,
			);
			runOnlyForDeploymentPostprocessing = 0;
		};
		ED50CF161B34D2F4000D3F20 /* Sources */ = {
			isa = PBXSourcesBuildPhase;
			buildActionMask = 2147483647;
			files = (
				ED50CF211B34D2F4000D3F20 /* tableviewdemo2Tests.swift in Sources */,
			);
			runOnlyForDeploymentPostprocessing = 0;
		};
/* End PBXSourcesBuildPhase section */

/* Begin PBXTargetDependency section */
		ED50CF1C1B34D2F4000D3F20 /* PBXTargetDependency */ = {
			isa = PBXTargetDependency;
			target = ED50CF041B34D2F4000D3F20 /* tableviewdemo2 */;
			targetProxy = ED50CF1B1B34D2F4000D3F20 /* PBXContainerItemProxy */;
		};
/* End PBXTargetDependency section */

/* Begin PBXVariantGroup section */
		ED50CF0E1B34D2F4000D3F20 /* Main.storyboard */ = {
			isa = PBXVariantGroup;
			children = (
				ED50CF0F1B34D2F4000D3F20 /* Base */,
			);
			name = Main.storyboard;
			sourceTree = "<group>";
		};
		ED50CF131B34D2F4000D3F20 /* LaunchScreen.xib */ = {
			isa = PBXVariantGroup;
			children = (
				ED50CF141B34D2F4000D3F20 /* Base */,
			);
			name = LaunchScreen.xib;
			sourceTree = "<group>";
		};
/* End PBXVariantGroup section */

/* Begin XCBuildConfiguration section */
		ED50CF221B34D2F4000D3F20 /* Debug */ = {
			isa = XCBuildConfiguration;
			buildSettings = {
				ALWAYS_SEARCH_USER_PATHS = NO;
				CLANG_CXX_LANGUAGE_STANDARD = "gnu++0x";
				CLANG_CXX_LIBRARY = "libc++";
				CLANG_ENABLE_MODULES = YES;
				CLANG_ENABLE_OBJC_ARC = YES;
				CLANG_WARN_BOOL_CONVERSION = YES;
				CLANG_WARN_CONSTANT_CONVERSION = YES;
				CLANG_WARN_DIRECT_OBJC_ISA_USAGE = YES_ERROR;
				CLANG_WARN_EMPTY_BODY = YES;
				CLANG_WARN_ENUM_CONVERSION = YES;
				CLANG_WARN_INT_CONVERSION = YES;
				CLANG_WARN_OBJC_ROOT_CLASS = YES_ERROR;
				CLANG_WARN_UNREACHABLE_CODE = YES;
				CLANG_WARN__DUPLICATE_METHOD_MATCH = YES;
				"CODE_SIGN_IDENTITY[sdk=iphoneos*]" = "iPhone Developer";
				COPY_PHASE_STRIP = NO;
				DEBUG_INFORMATION_FORMAT = "dwarf-with-dsym";
				ENABLE_STRICT_OBJC_MSGSEND = YES;
				GCC_C_LANGUAGE_STANDARD = gnu99;
				GCC_DYNAMIC_NO_PIC = NO;
				GCC_NO_COMMON_BLOCKS = YES;
				GCC_OPTIMIZATION_LEVEL = 0;
				GCC_PREPROCESSOR_DEFINITIONS = (
					"DEBUG=1",
					"$(inherited)",
				);
				GCC_SYMBOLS_PRIVATE_EXTERN = NO;
				GCC_WARN_64_TO_32_BIT_CONVERSION = YES;
				GCC_WARN_ABOUT_RETURN_TYPE = YES_ERROR;
				GCC_WARN_UNDECLARED_SELECTOR = YES;
				GCC_WARN_UNINITIALIZED_AUTOS = YES_AGGRESSIVE;
				GCC_WARN_UNUSED_FUNCTION = YES;
				GCC_WARN_UNUSED_VARIABLE = YES;
				IPHONEOS_DEPLOYMENT_TARGET = 8.3;
				MTL_ENABLE_DEBUG_INFO = YES;
				ONLY_ACTIVE_ARCH = YES;
				SDKROOT = iphoneos;
				SWIFT_OPTIMIZATION_LEVEL = "-Onone";
			};
			name = Debug;
		};
		ED50CF231B34D2F4000D3F20 /* Release */ = {
			isa = XCBuildConfiguration;
			buildSettings = {
				ALWAYS_SEARCH_USER_PATHS = NO;
				CLANG_CXX_LANGUAGE_STANDARD = "gnu++0x";
				CLANG_CXX_LIBRARY = "libc++";
				CLANG_ENABLE_MODULES = YES;
				CLANG_ENABLE_OBJC_ARC = YES;
				CLANG_WARN_BOOL_CONVERSION = YES;
				CLANG_WARN_CONSTANT_CONVERSION = YES;
				CLANG_WARN_DIRECT_OBJC_ISA_USAGE = YES_ERROR;
				CLANG_WARN_EMPTY_BODY = YES;
				CLANG_WARN_ENUM_CONVERSION = YES;
				CLANG_WARN_INT_CONVERSION = YES;
				CLANG_WARN_OBJC_ROOT_CLASS = YES_ERROR;
				CLANG_WARN_UNREACHABLE_CODE = YES;
				CLANG_WARN__DUPLICATE_METHOD_MATCH = YES;
				"CODE_SIGN_IDENTITY[sdk=iphoneos*]" = "iPhone Developer";
				COPY_PHASE_STRIP = NO;
				DEBUG_INFORMATION_FORMAT = "dwarf-with-dsym";
				ENABLE_NS_ASSERTIONS = NO;
				ENABLE_STRICT_OBJC_MSGSEND = YES;
				GCC_C_LANGUAGE_STANDARD = gnu99;
				GCC_NO_COMMON_BLOCKS = YES;
				GCC_WARN_64_TO_32_BIT_CONVERSION = YES;
				GCC_WARN_ABOUT_RETURN_TYPE = YES_ERROR;
				GCC_WARN_UNDECLARED_SELECTOR = YES;
				GCC_WARN_UNINITIALIZED_AUTOS = YES_AGGRESSIVE;
				GCC_WARN_UNUSED_FUNCTION = YES;
				GCC_WARN_UNUSED_VARIABLE = YES;
				IPHONEOS_DEPLOYMENT_TARGET = 8.3;
				MTL_ENABLE_DEBUG_INFO = NO;
				SDKROOT = iphoneos;
				VALIDATE_PRODUCT = YES;
			};
			name = Release;
		};
		ED50CF251B34D2F4000D3F20 /* Debug */ = {
			isa = XCBuildConfiguration;
			buildSettings = {
				ASSETCATALOG_COMPILER_APPICON_NAME = AppIcon;
				INFOPLIST_FILE = tableviewdemo2/Info.plist;
				LD_RUNPATH_SEARCH_PATHS = "$(inherited) @executable_path/Frameworks";
				PRODUCT_NAME = "$(TARGET_NAME)";
			};
			name = Debug;
		};
		ED50CF261B34D2F4000D3F20 /* Release */ = {
			isa = XCBuildConfiguration;
			buildSettings = {
				ASSETCATALOG_COMPILER_APPICON_NAME = AppIcon;
				INFOPLIST_FILE = tableviewdemo2/Info.plist;
				LD_RUNPATH_SEARCH_PATHS = "$(inherited) @executable_path/Frameworks";
				PRODUCT_NAME = "$(TARGET_NAME)";
			};
			name = Release;
		};
		ED50CF281B34D2F4000D3F20 /* Debug */ = {
			isa = XCBuildConfiguration;
			buildSettings = {
				BUNDLE_LOADER = "$(TEST_HOST)";
				FRAMEWORK_SEARCH_PATHS = (
					"$(SDKROOT)/Developer/Library/Frameworks",
					"$(inherited)",
				);
				GCC_PREPROCESSOR_DEFINITIONS = (
					"DEBUG=1",
					"$(inherited)",
				);
				INFOPLIST_FILE = tableviewdemo2Tests/Info.plist;
				LD_RUNPATH_SEARCH_PATHS = "$(inherited) @executable_path/Frameworks @loader_path/Frameworks";
				PRODUCT_NAME = "$(TARGET_NAME)";
				TEST_HOST = "$(BUILT_PRODUCTS_DIR)/tableviewdemo2.app/tableviewdemo2";
			};
			name = Debug;
		};
		ED50CF291B34D2F4000D3F20 /* Release */ = {
			isa = XCBuildConfiguration;
			buildSettings = {
				BUNDLE_LOADER = "$(TEST_HOST)";
				FRAMEWORK_SEARCH_PATHS = (
					"$(SDKROOT)/Developer/Library/Frameworks",
					"$(inherited)",
				);
				INFOPLIST_FILE = tableviewdemo2Tests/Info.plist;
				LD_RUNPATH_SEARCH_PATHS = "$(inherited) @executable_path/Frameworks @loader_path/Frameworks";
				PRODUCT_NAME = "$(TARGET_NAME)";
				TEST_HOST = "$(BUILT_PRODUCTS_DIR)/tableviewdemo2.app/tableviewdemo2";
			};
			name = Release;
		};
/* End XCBuildConfiguration section */

/* Begin XCConfigurationList section */
		ED50CF001B34D2F4000D3F20 /* Build configuration list for PBXProject "tableviewdemo2" */ = {
			isa = XCConfigurationList;
			buildConfigurations = (
				ED50CF221B34D2F4000D3F20 /* Debug */,
				ED50CF231B34D2F4000D3F20 /* Release */,
			);
			defaultConfigurationIsVisible = 0;
			defaultConfigurationName = Release;
		};
		ED50CF241B34D2F4000D3F20 /* Build configuration list for PBXNativeTarget "tableviewdemo2" */ = {
			isa = XCConfigurationList;
			buildConfigurations = (
				ED50CF251B34D2F4000D3F20 /* Debug */,
				ED50CF261B34D2F4000D3F20 /* Release */,
			);
			defaultConfigurationIsVisible = 0;
		};
		ED50CF271B34D2F4000D3F20 /* Build configuration list for PBXNativeTarget "tableviewdemo2Tests" */ = {
			isa = XCConfigurationList;
			buildConfigurations = (
				ED50CF281B34D2F4000D3F20 /* Debug */,
				ED50CF291B34D2F4000D3F20 /* Release */,
			);
			defaultConfigurationIsVisible = 0;
		};
/* End XCConfigurationList section */
	};
	rootObject = ED50CEFD1B34D2F4000D3F20 /* Project object */;
}
